
Microsoft Visual Studio Solution File, Format Version 12.00
# Visual Studio Version 17
VisualStudioVersion = 17.0.31903.59
MinimumVisualStudioVersion = 10.0.40219.1
Project("{2150E333-8FDC-42A3-9474-1A3956D46DE8}") = "src", "src", "{8EF222DB-96F7-49C8-8C65-22DE7C381E21}"
EndProject
Project("{FAE04EC0-301F-11D3-BF4B-00C04F79EFBC}") = "Sovos.Invoiceware.Domain", "src\Domain\Sovos.Invoiceware.Domain.csproj", "{F322308E-69C6-4B80-82F7-A01706DBB619}"
EndProject
Project("{FAE04EC0-301F-11D3-BF4B-00C04F79EFBC}") = "Sovos.Invoiceware.Application", "src\Application\Sovos.Invoiceware.Application.csproj", "{27A91F50-D1FB-4607-ABEA-01BD3DEAE4E0}"
EndProject
Project("{FAE04EC0-301F-11D3-BF4B-00C04F79EFBC}") = "Sovos.Invoiceware.Infrastructure", "src\Infrastructure\Sovos.Invoiceware.Infrastructure.csproj", "{F924BAF1-8F18-4A3C-BE3F-4A861F50B4ED}"
EndProject
Project("{FAE04EC0-301F-11D3-BF4B-00C04F79EFBC}") = "Sovos.Invoiceware.Api", "src\Api\Sovos.Invoiceware.Api.csproj", "{39693238-00C9-47B8-8E84-E8A183575A48}"
EndProject
Global
	GlobalSection(SolutionConfigurationPlatforms) = preSolution
		Debug|Any CPU = Debug|Any CPU
		Release|Any CPU = Release|Any CPU
	EndGlobalSection
	GlobalSection(SolutionProperties) = preSolution
		HideSolutionNode = FALSE
	EndGlobalSection
	GlobalSection(ProjectConfigurationPlatforms) = postSolution
		{F322308E-69C6-4B80-82F7-A01706DBB619}.Debug|Any CPU.ActiveCfg = Debug|Any CPU
		{F322308E-69C6-4B80-82F7-A01706DBB619}.Debug|Any CPU.Build.0 = Debug|Any CPU
		{F322308E-69C6-4B80-82F7-A01706DBB619}.Release|Any CPU.ActiveCfg = Release|Any CPU
		{F322308E-69C6-4B80-82F7-A01706DBB619}.Release|Any CPU.Build.0 = Release|Any CPU
		{27A91F50-D1FB-4607-ABEA-01BD3DEAE4E0}.Debug|Any CPU.ActiveCfg = Debug|Any CPU
		{27A91F50-D1FB-4607-ABEA-01BD3DEAE4E0}.Debug|Any CPU.Build.0 = Debug|Any CPU
		{27A91F50-D1FB-4607-ABEA-01BD3DEAE4E0}.Release|Any CPU.ActiveCfg = Release|Any CPU
		{27A91F50-D1FB-4607-ABEA-01BD3DEAE4E0}.Release|Any CPU.Build.0 = Release|Any CPU
		{F924BAF1-8F18-4A3C-BE3F-4A861F50B4ED}.Debug|Any CPU.ActiveCfg = Debug|Any CPU
		{F924BAF1-8F18-4A3C-BE3F-4A861F50B4ED}.Debug|Any CPU.Build.0 = Debug|Any CPU
		{F924BAF1-8F18-4A3C-BE3F-4A861F50B4ED}.Release|Any CPU.ActiveCfg = Release|Any CPU
		{F924BAF1-8F18-4A3C-BE3F-4A861F50B4ED}.Release|Any CPU.Build.0 = Release|Any CPU
		{39693238-00C9-47B8-8E84-E8A183575A48}.Debug|Any CPU.ActiveCfg = Debug|Any CPU
		{39693238-00C9-47B8-8E84-E8A183575A48}.Debug|Any CPU.Build.0 = Debug|Any CPU
		{39693238-00C9-47B8-8E84-E8A183575A48}.Release|Any CPU.ActiveCfg = Release|Any CPU
		{39693238-00C9-47B8-8E84-E8A183575A48}.Release|Any CPU.Build.0 = Release|Any CPU
	EndGlobalSection
	GlobalSection(NestedProjects) = preSolution
		{F322308E-69C6-4B80-82F7-A01706DBB619} = {8EF222DB-96F7-49C8-8C65-22DE7C381E21}
		{27A91F50-D1FB-4607-ABEA-01BD3DEAE4E0} = {8EF222DB-96F7-49C8-8C65-22DE7C381E21}
		{F924BAF1-8F18-4A3C-BE3F-4A861F50B4ED} = {8EF222DB-96F7-49C8-8C65-22DE7C381E21}
		{39693238-00C9-47B8-8E84-E8A183575A48} = {8EF222DB-96F7-49C8-8C65-22DE7C381E21}
	EndGlobalSection
EndGlobal
